
Microsoft Visual Studio Solution File, Format Version 12.00
# Visual Studio Version 17
VisualStudioVersion = 17.4.33110.190
MinimumVisualStudioVersion = 10.0.40219.1
Project("{FAE04EC0-301F-11D3-BF4B-00C04F79EFBC}") = "CyOpenInfoPanel", "CyOpenInfoPanel\CyOpenInfoPanel.csproj", "{F295E97F-2E6E-4115-83E0-4926B1BAE639}"
EndProject
Global
	GlobalSection(SolutionConfigurationPlatforms) = preSolution
		Debug|Any CPU = Debug|Any CPU
		Release|Any CPU = Release|Any CPU
	EndGlobalSection
	GlobalSection(ProjectConfigurationPlatforms) = postSolution
		{F295E97F-2E6E-4115-83E0-4926B1BAE639}.Debug|Any CPU.ActiveCfg = Debug|Any CPU
		{F295E97F-2E6E-4115-83E0-4926B1BAE639}.Debug|Any CPU.Build.0 = Debug|Any CPU
		{F295E97F-2E6E-4115-83E0-4926B1BAE639}.Release|Any CPU.ActiveCfg = Release|Any CPU
		{F295E97F-2E6E-4115-83E0-4926B1BAE639}.Release|Any CPU.Build.0 = Release|Any CPU
	EndGlobalSection
	GlobalSection(SolutionProperties) = preSolution
		HideSolutionNode = FALSE
	EndGlobalSection
	GlobalSection(ExtensibilityGlobals) = postSolution
		SolutionGuid = {56FF7948-3F41-44AA-B042-FE9B3D2C4AB9}
	EndGlobalSection
EndGlobal
