
Microsoft Visual Studio Solution File, Format Version 12.00
# Visual Studio Version 17
VisualStudioVersion = 17.4.33213.308
MinimumVisualStudioVersion = 10.0.40219.1
Project("{FAE04EC0-301F-11D3-BF4B-00C04F79EFBC}") = "MoreNPCInfo", "MoreNPCInfo\MoreNPCInfo.csproj", "{0687CA20-1638-4F8A-96B1-A202703A766C}"
EndProject
Global
	GlobalSection(SolutionConfigurationPlatforms) = preSolution
		Debug|Any CPU = Debug|Any CPU
		Release|Any CPU = Release|Any CPU
	EndGlobalSection
	GlobalSection(ProjectConfigurationPlatforms) = postSolution
		{0687CA20-1638-4F8A-96B1-A202703A766C}.Debug|Any CPU.ActiveCfg = Debug|Any CPU
		{0687CA20-1638-4F8A-96B1-A202703A766C}.Debug|Any CPU.Build.0 = Debug|Any CPU
		{0687CA20-1638-4F8A-96B1-A202703A766C}.Release|Any CPU.ActiveCfg = Release|Any CPU
		{0687CA20-1638-4F8A-96B1-A202703A766C}.Release|Any CPU.Build.0 = Release|Any CPU
	EndGlobalSection
	GlobalSection(SolutionProperties) = preSolution
		HideSolutionNode = FALSE
	EndGlobalSection
	GlobalSection(ExtensibilityGlobals) = postSolution
		SolutionGuid = {F247E324-D594-4502-86F8-983D4FD9A401}
	EndGlobalSection
EndGlobal
