
Microsoft Visual Studio Solution File, Format Version 12.00
# Visual Studio Version 17
VisualStudioVersion = 17.4.33110.190
MinimumVisualStudioVersion = 10.0.40219.1
Project("{FAE04EC0-301F-11D3-BF4B-00C04F79EFBC}") = "BetterLundaoPlus", "BetterLundaoPlus\BetterLundaoPlus.csproj", "{28450DF4-022D-4EB3-9CF2-591EF5ADB376}"
EndProject
Global
	GlobalSection(SolutionConfigurationPlatforms) = preSolution
		Debug|Any CPU = Debug|Any CPU
		Release|Any CPU = Release|Any CPU
	EndGlobalSection
	GlobalSection(ProjectConfigurationPlatforms) = postSolution
		{28450DF4-022D-4EB3-9CF2-591EF5ADB376}.Debug|Any CPU.ActiveCfg = Debug|Any CPU
		{28450DF4-022D-4EB3-9CF2-591EF5ADB376}.Debug|Any CPU.Build.0 = Debug|Any CPU
		{28450DF4-022D-4EB3-9CF2-591EF5ADB376}.Release|Any CPU.ActiveCfg = Release|Any CPU
		{28450DF4-022D-4EB3-9CF2-591EF5ADB376}.Release|Any CPU.Build.0 = Release|Any CPU
	EndGlobalSection
	GlobalSection(SolutionProperties) = preSolution
		HideSolutionNode = FALSE
	EndGlobalSection
	GlobalSection(ExtensibilityGlobals) = postSolution
		SolutionGuid = {EFC68368-B5C4-4E4B-B31C-D3CE4FBE751D}
	EndGlobalSection
EndGlobal
