
Microsoft Visual Studio Solution File, Format Version 12.00
# Visual Studio Version 17
VisualStudioVersion = 17.4.33110.190
MinimumVisualStudioVersion = 10.0.40219.1
Project("{FAE04EC0-301F-11D3-BF4B-00C04F79EFBC}") = "NPCToPoEarlierByAbility", "NPCToPoEarlierByAbility\NPCToPoEarlierByAbility.csproj", "{9CF70208-C7E1-4F6F-B05E-BA7D33514700}"
EndProject
Global
	GlobalSection(SolutionConfigurationPlatforms) = preSolution
		Debug|Any CPU = Debug|Any CPU
		Release|Any CPU = Release|Any CPU
	EndGlobalSection
	GlobalSection(ProjectConfigurationPlatforms) = postSolution
		{9CF70208-C7E1-4F6F-B05E-BA7D33514700}.Debug|Any CPU.ActiveCfg = Debug|Any CPU
		{9CF70208-C7E1-4F6F-B05E-BA7D33514700}.Debug|Any CPU.Build.0 = Debug|Any CPU
		{9CF70208-C7E1-4F6F-B05E-BA7D33514700}.Release|Any CPU.ActiveCfg = Release|Any CPU
		{9CF70208-C7E1-4F6F-B05E-BA7D33514700}.Release|Any CPU.Build.0 = Release|Any CPU
	EndGlobalSection
	GlobalSection(SolutionProperties) = preSolution
		HideSolutionNode = FALSE
	EndGlobalSection
	GlobalSection(ExtensibilityGlobals) = postSolution
		SolutionGuid = {EAFC78A1-AFB0-4CD6-89DD-565B046F53ED}
	EndGlobalSection
EndGlobal
