
Microsoft Visual Studio Solution File, Format Version 12.00
# Visual Studio Version 17
VisualStudioVersion = 17.4.33110.190
MinimumVisualStudioVersion = 10.0.40219.1
Project("{FAE04EC0-301F-11D3-BF4B-00C04F79EFBC}") = "LianDanShowYaoZhi", "LianDanShowYaoZhi\LianDanShowYaoZhi.csproj", "{183C1309-BE67-469E-9EC8-F73442186D7E}"
EndProject
Global
	GlobalSection(SolutionConfigurationPlatforms) = preSolution
		Debug|Any CPU = Debug|Any CPU
		Release|Any CPU = Release|Any CPU
	EndGlobalSection
	GlobalSection(ProjectConfigurationPlatforms) = postSolution
		{183C1309-BE67-469E-9EC8-F73442186D7E}.Debug|Any CPU.ActiveCfg = Debug|Any CPU
		{183C1309-BE67-469E-9EC8-F73442186D7E}.Debug|Any CPU.Build.0 = Debug|Any CPU
		{183C1309-BE67-469E-9EC8-F73442186D7E}.Release|Any CPU.ActiveCfg = Release|Any CPU
		{183C1309-BE67-469E-9EC8-F73442186D7E}.Release|Any CPU.Build.0 = Release|Any CPU
	EndGlobalSection
	GlobalSection(SolutionProperties) = preSolution
		HideSolutionNode = FALSE
	EndGlobalSection
	GlobalSection(ExtensibilityGlobals) = postSolution
		SolutionGuid = {AADC686E-C2E4-41A9-B702-2B466CAF7BA8}
	EndGlobalSection
EndGlobal
