
Microsoft Visual Studio Solution File, Format Version 12.00
# Visual Studio Version 17
VisualStudioVersion = 17.4.33110.190
MinimumVisualStudioVersion = 10.0.40219.1
Project("{FAE04EC0-301F-11D3-BF4B-00C04F79EFBC}") = "BigTuPoSpendTime", "BigTuPoSpendTime\BigTuPoSpendTime.csproj", "{0010A78B-6E41-43C7-9795-E4EBE7D221CC}"
EndProject
Global
	GlobalSection(SolutionConfigurationPlatforms) = preSolution
		Debug|Any CPU = Debug|Any CPU
		Release|Any CPU = Release|Any CPU
	EndGlobalSection
	GlobalSection(ProjectConfigurationPlatforms) = postSolution
		{0010A78B-6E41-43C7-9795-E4EBE7D221CC}.Debug|Any CPU.ActiveCfg = Debug|Any CPU
		{0010A78B-6E41-43C7-9795-E4EBE7D221CC}.Debug|Any CPU.Build.0 = Debug|Any CPU
		{0010A78B-6E41-43C7-9795-E4EBE7D221CC}.Release|Any CPU.ActiveCfg = Release|Any CPU
		{0010A78B-6E41-43C7-9795-E4EBE7D221CC}.Release|Any CPU.Build.0 = Release|Any CPU
	EndGlobalSection
	GlobalSection(SolutionProperties) = preSolution
		HideSolutionNode = FALSE
	EndGlobalSection
	GlobalSection(ExtensibilityGlobals) = postSolution
		SolutionGuid = {F5388E45-1581-40BC-937D-BCFF70762948}
	EndGlobalSection
EndGlobal
