
Microsoft Visual Studio Solution File, Format Version 12.00
# Visual Studio Version 17
VisualStudioVersion = 17.4.33110.190
MinimumVisualStudioVersion = 10.0.40219.1
Project("{FAE04EC0-301F-11D3-BF4B-00C04F79EFBC}") = "TrueRandom", "TrueRandom\TrueRandom.csproj", "{C68BB511-A597-4DCC-8D69-0FB3111F1B3D}"
EndProject
Global
	GlobalSection(SolutionConfigurationPlatforms) = preSolution
		Debug|Any CPU = Debug|Any CPU
		Release|Any CPU = Release|Any CPU
	EndGlobalSection
	GlobalSection(ProjectConfigurationPlatforms) = postSolution
		{C68BB511-A597-4DCC-8D69-0FB3111F1B3D}.Debug|Any CPU.ActiveCfg = Debug|Any CPU
		{C68BB511-A597-4DCC-8D69-0FB3111F1B3D}.Debug|Any CPU.Build.0 = Debug|Any CPU
		{C68BB511-A597-4DCC-8D69-0FB3111F1B3D}.Release|Any CPU.ActiveCfg = Release|Any CPU
		{C68BB511-A597-4DCC-8D69-0FB3111F1B3D}.Release|Any CPU.Build.0 = Release|Any CPU
	EndGlobalSection
	GlobalSection(SolutionProperties) = preSolution
		HideSolutionNode = FALSE
	EndGlobalSection
	GlobalSection(ExtensibilityGlobals) = postSolution
		SolutionGuid = {CCC9BE34-F12C-4377-A0AA-6E81EFBE3710}
	EndGlobalSection
EndGlobal
