
Microsoft Visual Studio Solution File, Format Version 12.00
# Visual Studio Version 17
VisualStudioVersion = 17.4.33110.190
MinimumVisualStudioVersion = 10.0.40219.1
Project("{FAE04EC0-301F-11D3-BF4B-00C04F79EFBC}") = "EquipShowShuXingID", "EquipShowShuXingID\EquipShowShuXingID.csproj", "{9DC8D821-E88C-40D1-8532-41FCE4039A92}"
EndProject
Global
	GlobalSection(SolutionConfigurationPlatforms) = preSolution
		Debug|Any CPU = Debug|Any CPU
		Release|Any CPU = Release|Any CPU
	EndGlobalSection
	GlobalSection(ProjectConfigurationPlatforms) = postSolution
		{9DC8D821-E88C-40D1-8532-41FCE4039A92}.Debug|Any CPU.ActiveCfg = Debug|Any CPU
		{9DC8D821-E88C-40D1-8532-41FCE4039A92}.Debug|Any CPU.Build.0 = Debug|Any CPU
		{9DC8D821-E88C-40D1-8532-41FCE4039A92}.Release|Any CPU.ActiveCfg = Release|Any CPU
		{9DC8D821-E88C-40D1-8532-41FCE4039A92}.Release|Any CPU.Build.0 = Release|Any CPU
	EndGlobalSection
	GlobalSection(SolutionProperties) = preSolution
		HideSolutionNode = FALSE
	EndGlobalSection
	GlobalSection(ExtensibilityGlobals) = postSolution
		SolutionGuid = {885A38D4-3EBE-4651-8BB2-32505AA7C1D8}
	EndGlobalSection
EndGlobal
