
Microsoft Visual Studio Solution File, Format Version 12.00
# Visual Studio Version 17
VisualStudioVersion = 17.4.33110.190
MinimumVisualStudioVersion = 10.0.40219.1
Project("{FAE04EC0-301F-11D3-BF4B-00C04F79EFBC}") = "TianFuUnlock", "TianFuUnlock\TianFuUnlock.csproj", "{19BCFD14-7E88-4191-A35D-55AFC767A806}"
EndProject
Global
	GlobalSection(SolutionConfigurationPlatforms) = preSolution
		Debug|Any CPU = Debug|Any CPU
		Release|Any CPU = Release|Any CPU
	EndGlobalSection
	GlobalSection(ProjectConfigurationPlatforms) = postSolution
		{19BCFD14-7E88-4191-A35D-55AFC767A806}.Debug|Any CPU.ActiveCfg = Debug|Any CPU
		{19BCFD14-7E88-4191-A35D-55AFC767A806}.Debug|Any CPU.Build.0 = Debug|Any CPU
		{19BCFD14-7E88-4191-A35D-55AFC767A806}.Release|Any CPU.ActiveCfg = Release|Any CPU
		{19BCFD14-7E88-4191-A35D-55AFC767A806}.Release|Any CPU.Build.0 = Release|Any CPU
	EndGlobalSection
	GlobalSection(SolutionProperties) = preSolution
		HideSolutionNode = FALSE
	EndGlobalSection
	GlobalSection(ExtensibilityGlobals) = postSolution
		SolutionGuid = {DD8EE74C-9E1B-4717-A1A9-DC7B1EFF0D6C}
	EndGlobalSection
EndGlobal
